{
    "_meta": {
        "hash": {
            "sha256": "b8d5a992573b98b744ce24732ed66598b32689598c35c5c9299c09e50d173fb3"
        },
        "pipfile-spec": 6,
        "requires": {
            "python_version": "3.7"
        },
        "sources": [
            {
                "name": "pypi",
                "url": "https://pypi.org/simple",
                "verify_ssl": true
            }
        ]
    },
    "default": {
        "aiofiles": {
            "hashes": [
                "sha256:021ea0ba314a86027c166ecc4b4c07f2d40fc0f4b3a950d1868a0f2571c2bbee",
                "sha256:1e644c2573f953664368de28d2aa4c89dfd64550429d0c27c4680ccd3aa4985d"
            ],
            "version": "==0.4.0"
        },
        "alembic": {
            "hashes": [
                "sha256:52d73b1d750f1414fa90c25a08da47b87de1e4ad883935718a8f36396e19e78e",
                "sha256:eb7db9b4510562ec37c91d00b00d95fde076c1030d3f661aea882eec532b3565"
            ],
            "index": "pypi",
            "version": "==1.0.0"
        },
        "asyncpg": {
            "hashes": [
                "sha256:03dea4fe865cd21b5e5b6b575c582d09463c00ea0b137b323ebcffc114e7fefb",
                "sha256:0b2efe8f3dce86d9c16aa6d7043e7496d99ee25e7390dacff660ed7b5e25060f",
                "sha256:10efb357cf879f0e7e3ea4ea852b0b52877f208d988aeb626296092d2601e3cd",
                "sha256:2aeb44894fc8ce747f324200fddb2eb16709f420c44d94b445f8889152a5ab96",
                "sha256:323b1db6bf6c99be6a16e371c5dcf1fd7b1f32f22719e6f6305610347f811423",
                "sha256:60a70530dda8cfd09edcea77ef328e37f1d189c00a48e22049f554ef58e5f06b",
                "sha256:69af70030faa8b6ce00e921d38e076f58dbba251314d61cc71e479f8cbaa30a3",
                "sha256:7adfabdd2683b4c7b7fe1e6fd46bd9873563c1ed41f12dd5f2f9b360af4c5ef4",
                "sha256:8b507afc0f5657a4ebbf5270d00d27513935aabd78f07628353b2a778ec4af61",
                "sha256:9b92d536cf5881b99aaa99ce7af4848a91a063127ef94044e4139fe530d88d8a",
                "sha256:a1522b0408195242068c5899d6ecb1efb818cee86dab514971463a67d395da06",
                "sha256:b24a7451ca40af9a809012074289dba8ef403816bc1d4221a5aef3091389a729",
                "sha256:b368229bf96f497a3369fb24ef6a32063b8ebd94e91a2781b6a49de6a08a3d77",
                "sha256:bb5dd96503dff7e3038655e0c8946db9a6fd6b8a7307096ca48ad165c9cb185b",
                "sha256:e9c5245837ce08f4cee2b01e639bed79abaebb0b39e4be573c1c7387ce2ff01f",
                "sha256:f003d4b2b887dd0661c94c80aeeca1410dc0aafa1e16652cde91e0b0c43b8808"
            ],
            "markers": "python_version >= '3.5.0'",
            "version": "==0.17.0"
        },
        "gino": {
            "hashes": [
                "sha256:7612470254471c6add8ed35a9705a297e1eda2ff8f1609838658d0c56766e825",
                "sha256:8fed1e63f0dcdccf49cf69886345f3599e241fb6a213f5e5e4212d270f2600bc"
            ],
            "index": "pypi",
            "version": "==0.7.5"
        },
        "httptools": {
            "hashes": [
                "sha256:04c7703bbef0e8ca28b09811547352b8c7c20549eab70dc24e536bb24fd2b7c5"
            ],
            "version": "==0.0.11"
        },
        "mako": {
            "hashes": [
                "sha256:4e02fde57bd4abb5ec400181e4c314f56ac3e49ba4fb8b0d50bba18cb27d25ae"
            ],
            "version": "==1.0.7"
        },
        "markupsafe": {
            "hashes": [
                "sha256:a6be69091dac236ea9c6bc7d012beab42010fa914c459791d627dad4910eb665"
            ],
            "version": "==1.0"
        },
        "multidict": {
            "hashes": [
                "sha256:112eeeddd226af681dc82b756ed34aa7b6d98f9c4a15760050298c21d715473d",
                "sha256:13b64ecb692effcabc5e29569ba9b5eb69c35112f990a16d6833ec3a9d9f8ec0",
                "sha256:1725373fb8f18c2166f8e0e5789851ccf98453c849b403945fa4ef59a16ca44e",
                "sha256:2061a50b7cae60a1f987503a995b2fc38e47027a937a355a124306ed9c629041",
                "sha256:35b062288a9a478f627c520fd27983160fc97591017d170f966805b428d17e07",
                "sha256:467b134bcc227b91b8e2ef8d2931f28b50bf7eb7a04c0403d102ded22e66dbfc",
                "sha256:475a3ece8bb450e49385414ebfae7f8fdb33f62f1ac0c12935c1cfb1b7c1076a",
                "sha256:49b885287e227a24545a1126d9ac17ae43138610713dc6219b781cc0ad5c6dfc",
                "sha256:4c95b2725592adb5c46642be2875c1234c32af841732c5504c17726b92082021",
                "sha256:4ea7ed00f4be0f7335c9a2713a65ac3d986be789ce5ebc10821da9664cbe6b85",
                "sha256:5e2d5e1d999e941b4a626aea46bdc4206877cf727107fdaa9d46a8a773a6e49b",
                "sha256:8039c520ef7bb9ec7c3db3df14c570be6362f43c200ae9854d2422d4ffe175a4",
                "sha256:81459a0ebcca09c1fcb8fe887ed13cf267d9b60fe33718fc5fd1a2a1ab49470a",
                "sha256:847c3b7b9ca3268e883685dc1347a4d09f84de7bd7597310044d847590447492",
                "sha256:8551d1db45f0ca4e8ec99130767009a29a4e0dc6558a4a6808491bcd3472d325",
                "sha256:8fa7679ffe615e0c1c7b80946ab4194669be74848719adf2d7867b5e861eb073",
                "sha256:a42a36f09f0f907579ff0fde547f2fde8a739a69efe4a2728835979d2bb5e17b",
                "sha256:a5fcad0070685c5b2d04b468bf5f4c735f5c176432f495ad055fcc4bc0a79b23",
                "sha256:ae22195b2a7494619b73c01129ddcddc0dfaa9e42727404b1d9a77253da3f420",
                "sha256:b360e82bdbbd862e1ce2a41cc3bbd0ab614350e813ca74801b34aac0f73465aa",
                "sha256:b96417899344c5e96bef757f4963a72d02e52653a4e0f99bbea3a531cedac59f",
                "sha256:b9e921140b797093edfc13ac08dc2a4fd016dd711dc42bb0e1aaf180e48425a7",
                "sha256:c5022b94fc330e6d177f3eb38097fb52c7df96ca0e04842c068cf0d9fc38b1e6",
                "sha256:cf2b117f2a8d951638efc7592fb72d3eeb2d38cc2194c26ba7f00e7190451d92",
                "sha256:d79620b542d9d0e23ae9790ca2fe44f1af40ffad9936efa37bd14954bc3e2818",
                "sha256:e2860691c11d10dac7c91bddae44f6211b3da4122d9a2ebb509c2247674d6070",
                "sha256:e3a293553715afecf7e10ea02da40593f9d7f48fe48a74fc5dd3ce08a0c46188",
                "sha256:e465be3fe7e992e5a6e16731afa6f41cb6ca53afccb4f28ea2fa6457783edf15",
                "sha256:e6d27895ef922bc859d969452f247bfbe5345d9aba69b9c8dbe1ea7704f0c5d9"
            ],
            "markers": "python_version >= '3.4.1'",
            "version": "==4.4.0"
        },
        "passlib": {
            "hashes": [
                "sha256:3d948f64138c25633613f303bcc471126eae67c04d5e3f6b7b8ce6242f8653e0",
                "sha256:43526aea08fa32c6b6dbbbe9963c4c767285b78147b7437597f992812f69d280"
            ],
            "index": "pypi",
            "version": "==1.7.1"
        },
        "python-dateutil": {
            "hashes": [
                "sha256:1adb80e7a782c12e52ef9a8182bebeb73f1d7e24e374397af06fb4956c8dc5c0",
                "sha256:e27001de32f627c22380a688bcc43ce83504a7bc5da472209b4c70f02829f0b8"
            ],
            "version": "==2.7.3"
        },
        "python-editor": {
            "hashes": [
                "sha256:a3c066acee22a1c94f63938341d4fb374e3fdd69366ed6603d7b24bed1efc565"
            ],
            "version": "==1.0.3"
        },
        "sanic": {
            "hashes": [
                "sha256:36aede00c7b82eb3755accca6e3a411e43d4b61e345a6f2b750daf1d14fefb00",
                "sha256:ba2d3c493a885fbdd5434856890875e6f44d61ffaf65d22681e9a3b1bcc55647"
            ],
            "index": "pypi",
            "version": "==0.8.3"
        },
        "six": {
            "hashes": [
                "sha256:70e8a77beed4562e7f14fe23a786b54f6296e34344c23bc42f07b15018ff98e9",
                "sha256:832dc0e10feb1aa2c68dcc57dbb658f1c7e65b9b61af69048abc87a2db00a0eb"
            ],
            "version": "==1.11.0"
        },
        "sqlalchemy": {
            "hashes": [
                "sha256:72325e67fb85f6e9ad304c603d83626d1df684fdf0c7ab1f0352e71feeab69d8"
            ],
            "version": "==1.2.10"
        },
        "ujson": {
            "hashes": [
                "sha256:f66073e5506e91d204ab0c614a148d5aa938bdbf104751be66f8ad7a222f5f86"
            ],
            "markers": "sys_platform != 'win32' and implementation_name == 'cpython'",
            "version": "==1.35"
        },
        "uvloop": {
            "hashes": [
                "sha256:0657ebcccb261bdd0a360c83dbc6c1218f13cf5c1a3f381bca68ba5977bb6e5a",
                "sha256:089b3513db7f2122ac00a9ce18be879d626a566537c93bbcbb54053e3f24acf5",
                "sha256:251744b1bb162577db2e48cccb28ec9bad4126591471e6ba63dcbe71abc1c741",
                "sha256:4076d40ae0b7557d5982ffe726b153c947a4d70725080ead0121006bdb9f7431",
                "sha256:58d6978112ff292cedf2fd754c8085c9a8c6b98737b8ab3cda3d2a081977a91e",
                "sha256:a97bd62ebbdf7e6e84bf44afe439d9b24ce4d8661a29a639626a8c03748f6f98",
                "sha256:c2e04cab3e2c71d79002a814a243bc42f0253eb761b1f3af989d38ec8142532c",
                "sha256:cbab9f6de63b10fc4991cbf9a720a8ceecfba501f5571f35fc3a74c76223ea66",
                "sha256:d3818242d174a326ea49e2e8f7c1e448432ce17ecb31aeb5084600950857b663",
                "sha256:f2ffcaa13a5e279d0b3296cd6c691df39876cc818482168a80edd3b0e5deef57"
            ],
            "markers": "sys_platform != 'win32' and implementation_name == 'cpython'",
            "version": "==0.11.2"
        },
        "websockets": {
            "hashes": [
                "sha256:0b7b561bcbf992edd54e961b89551b5b6073415a0446fe445bd6554d41dabb95",
                "sha256:2469c98f2254878a49a6eda248d3ed8a89bbdca85cc316ff72ea15924cec9e1f",
                "sha256:29b676568e4fcb1a05064473b96243ef4e9391f251b4c485cf7f93507787b459",
                "sha256:2a05e42400de009c1c330167cd6d90b300d2364d2dd1e6539d01a6a22901967b",
                "sha256:39241fb291c1648e33dc41208be876a5771466291f0f6f7bff8f6732373084bd",
                "sha256:43c332fc331541c57d40c124089b270d668c25a6b04908bd688969375db7327f",
                "sha256:480259ec6e80f28859f23b5c231beb856fb96ab30e64ee621fdaf27da1515604",
                "sha256:9049ec652713f5132b512d3498c2d37264580714ccc95dbc0f7f9622c3f6da7e",
                "sha256:a17c45716178a42cc8f66f587507f01e169a75556749d88f714e4c1d295885d1",
                "sha256:a49d315db5a7a19d55422e1678e8a1c3b9661d7296bef3179fa620cf80b12674",
                "sha256:a911beb8149d7dae9d4c942927c448c05c41dfaa9c002a6bc26e269df932769b",
                "sha256:cf34479130704797ce28a478f0b5985abe71ea90999a1c956e15fe0b0b11d0dc",
                "sha256:d3724acff61ee1029fefc614cf005982338b033998a0b71fbb13a0a2fd99ab6f"
            ],
            "markers": "python_version >= '3.4'",
            "version": "==5.0.1"
        }
    },
    "develop": {
        "flake8": {
            "hashes": [
                "sha256:7253265f7abd8b313e3892944044a365e3f4ac3fcdcfb4298f55ee9ddf188ba0",
                "sha256:c7841163e2b576d435799169b78703ad6ac1bbb0f199994fc05f700b2a90ea37"
            ],
            "index": "pypi",
            "version": "==3.5.0"
        },
        "mccabe": {
            "hashes": [
                "sha256:ab8a6258860da4b6677da4bd2fe5dc2c659cff31b3ee4f7f5d64e79735b80d42",
                "sha256:dd8d182285a0fe56bace7f45b5e7d1a6ebcbf524e8f3bd87eb0f125271b8831f"
            ],
            "version": "==0.6.1"
        },
        "mypy": {
            "hashes": [
                "sha256:673ea75fb750289b7d1da1331c125dc62fc1c3a8db9129bb372ae7b7d5bf300a",
                "sha256:c770605a579fdd4a014e9f0a34b6c7a36ce69b08100ff728e96e27445cef3b3c"
            ],
            "index": "pypi",
            "version": "==0.620"
        },
        "pluggy": {
            "hashes": [
                "sha256:6e3836e39f4d36ae72840833db137f7b7d35105079aee6ec4a62d9f80d594dd1",
                "sha256:95eb8364a4708392bae89035f45341871286a333f749c3141c20573d2b3876e1"
            ],
            "markers": "python_version >= '2.7' and python_version != '3.2.*' and python_version != '3.0.*' and python_version != '3.1.*' and python_version != '3.3.*'",
            "version": "==0.7.1"
        },
        "py": {
            "hashes": [
                "sha256:06a30435d058473046be836d3fc4f27167fd84c45b99704f2fb5509ef61f9af1",
                "sha256:50402e9d1c9005d759426988a492e0edaadb7f4e68bcddfea586bc7432d009c6"
            ],
            "markers": "python_version != '3.1.*' and python_version != '3.2.*' and python_version != '3.3.*' and python_version >= '2.7' and python_version != '3.0.*'",
            "version": "==1.6.0"
        },
        "pycodestyle": {
            "hashes": [
                "sha256:682256a5b318149ca0d2a9185d365d8864a768a28db66a84a2ea946bcc426766",
                "sha256:6c4245ade1edfad79c3446fadfc96b0de2759662dc29d07d80a6f27ad1ca6ba9"
            ],
            "version": "==2.3.1"
        },
        "pyflakes": {
            "hashes": [
                "sha256:08bd6a50edf8cffa9fa09a463063c425ecaaf10d1eb0335a7e8b1401aef89e6f",
                "sha256:8d616a382f243dbf19b54743f280b80198be0bca3a5396f1d2e1fca6223e8805"
            ],
            "version": "==1.6.0"
        },
        "six": {
            "hashes": [
                "sha256:70e8a77beed4562e7f14fe23a786b54f6296e34344c23bc42f07b15018ff98e9",
                "sha256:832dc0e10feb1aa2c68dcc57dbb658f1c7e65b9b61af69048abc87a2db00a0eb"
            ],
            "version": "==1.11.0"
        },
        "toml": {
            "hashes": [
                "sha256:380178cde50a6a79f9d2cf6f42a62a5174febe5eea4126fe4038785f1d888d42",
                "sha256:a7901919d3e4f92ffba7ff40a9d697e35bbbc8a8049fe8da742f34c83606d957"
            ],
            "version": "==0.9.6"
        },
        "tox": {
            "hashes": [
                "sha256:433bb93c57edae263150767e672a0d468ab4fefcc1958eb4013e56a670bb851e",
                "sha256:bfb4e4efb7c61a54bc010a5c00fdbe0973bc4bdf04090bfcd3c93c901006177c"
            ],
            "index": "pypi",
            "version": "==3.3.0"
        },
        "typed-ast": {
            "hashes": [
                "sha256:0948004fa228ae071054f5208840a1e88747a357ec1101c17217bfe99b299d58",
                "sha256:10703d3cec8dcd9eef5a630a04056bbc898abc19bac5691612acba7d1325b66d",
                "sha256:1f6c4bd0bdc0f14246fd41262df7dfc018d65bb05f6e16390b7ea26ca454a291",
                "sha256:25d8feefe27eb0303b73545416b13d108c6067b846b543738a25ff304824ed9a",
                "sha256:29464a177d56e4e055b5f7b629935af7f49c196be47528cc94e0a7bf83fbc2b9",
                "sha256:2e214b72168ea0275efd6c884b114ab42e316de3ffa125b267e732ed2abda892",
                "sha256:3e0d5e48e3a23e9a4d1a9f698e32a542a4a288c871d33ed8df1b092a40f3a0f9",
                "sha256:519425deca5c2b2bdac49f77b2c5625781abbaf9a809d727d3a5596b30bb4ded",
                "sha256:57fe287f0cdd9ceaf69e7b71a2e94a24b5d268b35df251a88fef5cc241bf73aa",
                "sha256:668d0cec391d9aed1c6a388b0d5b97cd22e6073eaa5fbaa6d2946603b4871efe",
                "sha256:68ba70684990f59497680ff90d18e756a47bf4863c604098f10de9716b2c0bdd",
                "sha256:6de012d2b166fe7a4cdf505eee3aaa12192f7ba365beeefaca4ec10e31241a85",
                "sha256:79b91ebe5a28d349b6d0d323023350133e927b4de5b651a8aa2db69c761420c6",
                "sha256:8550177fa5d4c1f09b5e5f524411c44633c80ec69b24e0e98906dd761941ca46",
                "sha256:898f818399cafcdb93cbbe15fc83a33d05f18e29fb498ddc09b0214cdfc7cd51",
                "sha256:94b091dc0f19291adcb279a108f5d38de2430411068b219f41b343c03b28fb1f",
                "sha256:a26863198902cda15ab4503991e8cf1ca874219e0118cbf07c126bce7c4db129",
                "sha256:a8034021801bc0440f2e027c354b4eafd95891b573e12ff0418dec385c76785c",
                "sha256:bc978ac17468fe868ee589c795d06777f75496b1ed576d308002c8a5756fb9ea",
                "sha256:c05b41bc1deade9f90ddc5d988fe506208019ebba9f2578c622516fd201f5863",
                "sha256:c9b060bd1e5a26ab6e8267fd46fc9e02b54eb15fffb16d112d4c7b1c12987559",
                "sha256:edb04bdd45bfd76c8292c4d9654568efaedf76fe78eb246dde69bdb13b2dad87",
                "sha256:f19f2a4f547505fe9072e15f6f4ae714af51b5a681a97f187971f50c283193b6"
            ],
            "version": "==1.1.0"
        },
        "virtualenv": {
            "hashes": [
                "sha256:2ce32cd126117ce2c539f0134eb89de91a8413a29baac49cbab3eb50e2026669",
                "sha256:ca07b4c0b54e14a91af9f34d0919790b016923d157afda5efdde55c96718f752"
            ],
            "markers": "python_version != '3.0.*' and python_version != '3.1.*' and python_version != '3.2.*' and python_version >= '2.7'",
            "version": "==16.0.0"
        }
    }
}
